
Microsoft Visual Studio Solution File, Format Version 12.00
# Visual Studio Express 2012 for Windows Desktop
Project("{FAE04EC0-301F-11D3-BF4B-00C04F79EFBC}") = "HelloWindowsForm", "HelloWindowsForm.csproj", "{BA2E5B3E-A2A6-482F-834E-0D7C370B7AD3}"
EndProject
Global
	GlobalSection(SolutionConfigurationPlatforms) = preSolution
		Debug|Any CPU = Debug|Any CPU
		Release|Any CPU = Release|Any CPU
	EndGlobalSection
	GlobalSection(ProjectConfigurationPlatforms) = postSolution
		{BA2E5B3E-A2A6-482F-834E-0D7C370B7AD3}.Debug|Any CPU.ActiveCfg = Debug|Any CPU
		{BA2E5B3E-A2A6-482F-834E-0D7C370B7AD3}.Debug|Any CPU.Build.0 = Debug|Any CPU
		{BA2E5B3E-A2A6-482F-834E-0D7C370B7AD3}.Release|Any CPU.ActiveCfg = Release|Any CPU
		{BA2E5B3E-A2A6-482F-834E-0D7C370B7AD3}.Release|Any CPU.Build.0 = Release|Any CPU
	EndGlobalSection
	GlobalSection(SolutionProperties) = preSolution
		HideSolutionNode = FALSE
	EndGlobalSection
EndGlobal
